
Microsoft Visual Studio Solution File, Format Version 12.00
# Visual Studio Version 17
VisualStudioVersion = 17.2.32505.173
MinimumVisualStudioVersion = 10.0.40219.1
Project("{2150E333-8FDC-42A3-9474-1A3956D46DE8}") = "Services", "Services", "{1BC86EF5-3C77-48BA-9AF4-7A0591EE7184}"
EndProject
Project("{2150E333-8FDC-42A3-9474-1A3956D46DE8}") = "Catalog", "Catalog", "{A76AE17A-9360-4239-A411-679E3B88BD4F}"
EndProject
Project("{9A19103F-16F7-4668-BE54-9A1E7A4F7556}") = "Catalog.API", "Services\Catalog\Catalog.API\Catalog.API.csproj", "{760E5775-86F8-4F62-B2B5-A6C19BC6045C}"
EndProject
Project("{E53339B2-1760-4266-BCC7-CA923CBCF16C}") = "docker-compose", "docker-compose.dcproj", "{C1C367C6-88E1-4393-9144-B953F95030D2}"
EndProject
Project("{2150E333-8FDC-42A3-9474-1A3956D46DE8}") = "Basket", "Basket", "{F5E33B17-E5DC-41A6-894D-F598160139B6}"
EndProject
Project("{9A19103F-16F7-4668-BE54-9A1E7A4F7556}") = "Basket.API", "Services\Basket\Basket.API\Basket.API.csproj", "{AB2278C1-85B6-45B2-83A1-4892C5CA4468}"
EndProject
Project("{2150E333-8FDC-42A3-9474-1A3956D46DE8}") = "Discount", "Discount", "{505209D6-E6EF-4AE3-BB78-81C26C8F0D51}"
EndProject
Project("{9A19103F-16F7-4668-BE54-9A1E7A4F7556}") = "Discount.API", "Services\Discount\Discount.API\Discount.API.csproj", "{FBDA05C3-5CDF-40F1-8EDD-CE0F006598C0}"
EndProject
Project("{FAE04EC0-301F-11D3-BF4B-00C04F79EFBC}") = "Discount.Grpc", "Services\Discount\Discount.Grpc\Discount.Grpc.csproj", "{4B115694-7298-428E-8918-5736C52E4EB3}"
EndProject
Project("{2150E333-8FDC-42A3-9474-1A3956D46DE8}") = "Ordering", "Ordering", "{5F0DC550-DD35-42F5-B348-A0439E4AF1B9}"
EndProject
Project("{FAE04EC0-301F-11D3-BF4B-00C04F79EFBC}") = "Ordering.API", "Services\Ordering\Ordering.API\Ordering.API.csproj", "{64FB7EBB-E4C5-4A18-9416-AD402F2D6E77}"
EndProject
Project("{FAE04EC0-301F-11D3-BF4B-00C04F79EFBC}") = "Ordering.Domain", "Services\Ordering\Ordering.Domain\Ordering.Domain.csproj", "{B4509CDB-98C9-471A-969C-840418939025}"
EndProject
Project("{FAE04EC0-301F-11D3-BF4B-00C04F79EFBC}") = "Ordering.Application", "Services\Ordering\Ordering.Application\Ordering.Application.csproj", "{1FE878C3-5684-4549-A37F-1A385A038796}"
EndProject
Project("{FAE04EC0-301F-11D3-BF4B-00C04F79EFBC}") = "Ordering.Infrastructure", "Services\Ordering\Ordering.Infrastructure\Ordering.Infrastructure.csproj", "{F9D17609-F99D-43EA-A989-8E8636ACA9B2}"
EndProject
Global
	GlobalSection(SolutionConfigurationPlatforms) = preSolution
		Debug|Any CPU = Debug|Any CPU
		Release|Any CPU = Release|Any CPU
	EndGlobalSection
	GlobalSection(ProjectConfigurationPlatforms) = postSolution
		{760E5775-86F8-4F62-B2B5-A6C19BC6045C}.Debug|Any CPU.ActiveCfg = Debug|Any CPU
		{760E5775-86F8-4F62-B2B5-A6C19BC6045C}.Debug|Any CPU.Build.0 = Debug|Any CPU
		{760E5775-86F8-4F62-B2B5-A6C19BC6045C}.Release|Any CPU.ActiveCfg = Release|Any CPU
		{760E5775-86F8-4F62-B2B5-A6C19BC6045C}.Release|Any CPU.Build.0 = Release|Any CPU
		{C1C367C6-88E1-4393-9144-B953F95030D2}.Debug|Any CPU.ActiveCfg = Debug|Any CPU
		{C1C367C6-88E1-4393-9144-B953F95030D2}.Debug|Any CPU.Build.0 = Debug|Any CPU
		{C1C367C6-88E1-4393-9144-B953F95030D2}.Release|Any CPU.ActiveCfg = Release|Any CPU
		{C1C367C6-88E1-4393-9144-B953F95030D2}.Release|Any CPU.Build.0 = Release|Any CPU
		{AB2278C1-85B6-45B2-83A1-4892C5CA4468}.Debug|Any CPU.ActiveCfg = Debug|Any CPU
		{AB2278C1-85B6-45B2-83A1-4892C5CA4468}.Debug|Any CPU.Build.0 = Debug|Any CPU
		{AB2278C1-85B6-45B2-83A1-4892C5CA4468}.Release|Any CPU.ActiveCfg = Release|Any CPU
		{AB2278C1-85B6-45B2-83A1-4892C5CA4468}.Release|Any CPU.Build.0 = Release|Any CPU
		{FBDA05C3-5CDF-40F1-8EDD-CE0F006598C0}.Debug|Any CPU.ActiveCfg = Debug|Any CPU
		{FBDA05C3-5CDF-40F1-8EDD-CE0F006598C0}.Debug|Any CPU.Build.0 = Debug|Any CPU
		{FBDA05C3-5CDF-40F1-8EDD-CE0F006598C0}.Release|Any CPU.ActiveCfg = Release|Any CPU
		{FBDA05C3-5CDF-40F1-8EDD-CE0F006598C0}.Release|Any CPU.Build.0 = Release|Any CPU
		{4B115694-7298-428E-8918-5736C52E4EB3}.Debug|Any CPU.ActiveCfg = Debug|Any CPU
		{4B115694-7298-428E-8918-5736C52E4EB3}.Debug|Any CPU.Build.0 = Debug|Any CPU
		{4B115694-7298-428E-8918-5736C52E4EB3}.Release|Any CPU.ActiveCfg = Release|Any CPU
		{4B115694-7298-428E-8918-5736C52E4EB3}.Release|Any CPU.Build.0 = Release|Any CPU
		{64FB7EBB-E4C5-4A18-9416-AD402F2D6E77}.Debug|Any CPU.ActiveCfg = Debug|Any CPU
		{64FB7EBB-E4C5-4A18-9416-AD402F2D6E77}.Debug|Any CPU.Build.0 = Debug|Any CPU
		{64FB7EBB-E4C5-4A18-9416-AD402F2D6E77}.Release|Any CPU.ActiveCfg = Release|Any CPU
		{64FB7EBB-E4C5-4A18-9416-AD402F2D6E77}.Release|Any CPU.Build.0 = Release|Any CPU
		{B4509CDB-98C9-471A-969C-840418939025}.Debug|Any CPU.ActiveCfg = Debug|Any CPU
		{B4509CDB-98C9-471A-969C-840418939025}.Debug|Any CPU.Build.0 = Debug|Any CPU
		{B4509CDB-98C9-471A-969C-840418939025}.Release|Any CPU.ActiveCfg = Release|Any CPU
		{B4509CDB-98C9-471A-969C-840418939025}.Release|Any CPU.Build.0 = Release|Any CPU
		{1FE878C3-5684-4549-A37F-1A385A038796}.Debug|Any CPU.ActiveCfg = Debug|Any CPU
		{1FE878C3-5684-4549-A37F-1A385A038796}.Debug|Any CPU.Build.0 = Debug|Any CPU
		{1FE878C3-5684-4549-A37F-1A385A038796}.Release|Any CPU.ActiveCfg = Release|Any CPU
		{1FE878C3-5684-4549-A37F-1A385A038796}.Release|Any CPU.Build.0 = Release|Any CPU
		{F9D17609-F99D-43EA-A989-8E8636ACA9B2}.Debug|Any CPU.ActiveCfg = Debug|Any CPU
		{F9D17609-F99D-43EA-A989-8E8636ACA9B2}.Debug|Any CPU.Build.0 = Debug|Any CPU
		{F9D17609-F99D-43EA-A989-8E8636ACA9B2}.Release|Any CPU.ActiveCfg = Release|Any CPU
		{F9D17609-F99D-43EA-A989-8E8636ACA9B2}.Release|Any CPU.Build.0 = Release|Any CPU
	EndGlobalSection
	GlobalSection(SolutionProperties) = preSolution
		HideSolutionNode = FALSE
	EndGlobalSection
	GlobalSection(NestedProjects) = preSolution
		{A76AE17A-9360-4239-A411-679E3B88BD4F} = {1BC86EF5-3C77-48BA-9AF4-7A0591EE7184}
		{760E5775-86F8-4F62-B2B5-A6C19BC6045C} = {A76AE17A-9360-4239-A411-679E3B88BD4F}
		{F5E33B17-E5DC-41A6-894D-F598160139B6} = {1BC86EF5-3C77-48BA-9AF4-7A0591EE7184}
		{AB2278C1-85B6-45B2-83A1-4892C5CA4468} = {F5E33B17-E5DC-41A6-894D-F598160139B6}
		{505209D6-E6EF-4AE3-BB78-81C26C8F0D51} = {1BC86EF5-3C77-48BA-9AF4-7A0591EE7184}
		{FBDA05C3-5CDF-40F1-8EDD-CE0F006598C0} = {505209D6-E6EF-4AE3-BB78-81C26C8F0D51}
		{4B115694-7298-428E-8918-5736C52E4EB3} = {505209D6-E6EF-4AE3-BB78-81C26C8F0D51}
		{5F0DC550-DD35-42F5-B348-A0439E4AF1B9} = {1BC86EF5-3C77-48BA-9AF4-7A0591EE7184}
		{64FB7EBB-E4C5-4A18-9416-AD402F2D6E77} = {5F0DC550-DD35-42F5-B348-A0439E4AF1B9}
		{B4509CDB-98C9-471A-969C-840418939025} = {5F0DC550-DD35-42F5-B348-A0439E4AF1B9}
		{1FE878C3-5684-4549-A37F-1A385A038796} = {5F0DC550-DD35-42F5-B348-A0439E4AF1B9}
		{F9D17609-F99D-43EA-A989-8E8636ACA9B2} = {5F0DC550-DD35-42F5-B348-A0439E4AF1B9}
	EndGlobalSection
	GlobalSection(ExtensibilityGlobals) = postSolution
		SolutionGuid = {E10E1812-1F7F-4076-801E-60414B8B9C67}
	EndGlobalSection
EndGlobal
